// !$*UTF8*$!
{
	archiveVersion = 1;
	classes = {
	};
	objectVersion = 50;
	objects = {

/* Begin PBXBuildFile section */
		6888D8E72188369A00F293C8 /* AppDelegate.m in Sources */ = {isa = PBXBuildFile; fileRef = 6888D8E62188369A00F293C8 /* AppDelegate.m */; };
		6888D8EA2188369A00F293C8 /* ViewController.m in Sources */ = {isa = PBXBuildFile; fileRef = 6888D8E92188369A00F293C8 /* ViewController.m */; };
		6888D8ED2188369A00F293C8 /* Main.storyboard in Resources */ = {isa = PBXBuildFile; fileRef = 6888D8EB2188369A00F293C8 /* Main.storyboard */; };
		6888D8EF2188369C00F293C8 /* Assets.xcassets in Resources */ = {isa = PBXBuildFile; fileRef = 6888D8EE2188369C00F293C8 /* Assets.xcassets */; };
		6888D8F22188369C00F293C8 /* LaunchScreen.storyboard in Resources */ = {isa = PBXBuildFile; fileRef = 6888D8F02188369C00F293C8 /* LaunchScreen.storyboard */; };
		6888D8F52188369C00F293C8 /* main.m in Sources */ = {isa = PBXBuildFile; fileRef = 6888D8F42188369C00F293C8 /* main.m */; };
		6888D8FF2188369C00F293C8 /* ______Tests.m in Sources */ = {isa = PBXBuildFile; fileRef = 6888D8FE2188369C00F293C8 /* ______Tests.m */; };
		6888D90A2188369C00F293C8 /* ______UITests.m in Sources */ = {isa = PBXBuildFile; fileRef = 6888D9092188369C00F293C8 /* ______UITests.m */; };
		6888D91A2188378400F293C8 /* Listener.m in Sources */ = {isa = PBXBuildFile; fileRef = 6888D9192188378400F293C8 /* Listener.m */; };
		6888D91D218837C700F293C8 /* Listener1.m in Sources */ = {isa = PBXBuildFile; fileRef = 6888D91C218837C700F293C8 /* Listener1.m */; };
		6888D920218837D400F293C8 /* Listener2.m in Sources */ = {isa = PBXBuildFile; fileRef = 6888D91F218837D400F293C8 /* Listener2.m */; };
/* End PBXBuildFile section */

/* Begin PBXContainerItemProxy section */
		6888D8FB2188369C00F293C8 /* PBXContainerItemProxy */ = {
			isa = PBXContainerItemProxy;
			containerPortal = 6888D8DA2188369A00F293C8 /* Project object */;
			proxyType = 1;
			remoteGlobalIDString = 6888D8E12188369A00F293C8;
			remoteInfo = "通知延迟实验";
		};
		6888D9062188369C00F293C8 /* PBXContainerItemProxy */ = {
			isa = PBXContainerItemProxy;
			containerPortal = 6888D8DA2188369A00F293C8 /* Project object */;
			proxyType = 1;
			remoteGlobalIDString = 6888D8E12188369A00F293C8;
			remoteInfo = "通知延迟实验";
		};
/* End PBXContainerItemProxy section */

/* Begin PBXFileReference section */
		6888D8E22188369A00F293C8 /* 通知延迟实验.app */ = {isa = PBXFileReference; explicitFileType = wrapper.application; includeInIndex = 0; path = "通知延迟实验.app"; sourceTree = BUILT_PRODUCTS_DIR; };
		6888D8E52188369A00F293C8 /* AppDelegate.h */ = {isa = PBXFileReference; lastKnownFileType = sourcecode.c.h; path = AppDelegate.h; sourceTree = "<group>"; };
		6888D8E62188369A00F293C8 /* AppDelegate.m */ = {isa = PBXFileReference; lastKnownFileType = sourcecode.c.objc; path = AppDelegate.m; sourceTree = "<group>"; };
		6888D8E82188369A00F293C8 /* ViewController.h */ = {isa = PBXFileReference; lastKnownFileType = sourcecode.c.h; path = ViewController.h; sourceTree = "<group>"; };
		6888D8E92188369A00F293C8 /* ViewController.m */ = {isa = PBXFileReference; lastKnownFileType = sourcecode.c.objc; path = ViewController.m; sourceTree = "<group>"; };
		6888D8EC2188369A00F293C8 /* Base */ = {isa = PBXFileReference; lastKnownFileType = file.storyboard; name = Base; path = Base.lproj/Main.storyboard; sourceTree = "<group>"; };
		6888D8EE2188369C00F293C8 /* Assets.xcassets */ = {isa = PBXFileReference; lastKnownFileType = folder.assetcatalog; path = Assets.xcassets; sourceTree = "<group>"; };
		6888D8F12188369C00F293C8 /* Base */ = {isa = PBXFileReference; lastKnownFileType = file.storyboard; name = Base; path = Base.lproj/LaunchScreen.storyboard; sourceTree = "<group>"; };
		6888D8F32188369C00F293C8 /* Info.plist */ = {isa = PBXFileReference; lastKnownFileType = text.plist.xml; path = Info.plist; sourceTree = "<group>"; };
		6888D8F42188369C00F293C8 /* main.m */ = {isa = PBXFileReference; lastKnownFileType = sourcecode.c.objc; path = main.m; sourceTree = "<group>"; };
		6888D8FA2188369C00F293C8 /* 通知延迟实验Tests.xctest */ = {isa = PBXFileReference; explicitFileType = wrapper.cfbundle; includeInIndex = 0; path = "通知延迟实验Tests.xctest"; sourceTree = BUILT_PRODUCTS_DIR; };
		6888D8FE2188369C00F293C8 /* ______Tests.m */ = {isa = PBXFileReference; lastKnownFileType = sourcecode.c.objc; path = "______Tests.m"; sourceTree = "<group>"; };
		6888D9002188369C00F293C8 /* Info.plist */ = {isa = PBXFileReference; lastKnownFileType = text.plist.xml; path = Info.plist; sourceTree = "<group>"; };
		6888D9052188369C00F293C8 /* 通知延迟实验UITests.xctest */ = {isa = PBXFileReference; explicitFileType = wrapper.cfbundle; includeInIndex = 0; path = "通知延迟实验UITests.xctest"; sourceTree = BUILT_PRODUCTS_DIR; };
		6888D9092188369C00F293C8 /* ______UITests.m */ = {isa = PBXFileReference; lastKnownFileType = sourcecode.c.objc; path = "______UITests.m"; sourceTree = "<group>"; };
		6888D90B2188369C00F293C8 /* Info.plist */ = {isa = PBXFileReference; lastKnownFileType = text.plist.xml; path = Info.plist; sourceTree = "<group>"; };
		6888D917218836BA00F293C8 /* readme.h */ = {isa = PBXFileReference; lastKnownFileType = sourcecode.c.h; path = readme.h; sourceTree = "<group>"; };
		6888D9182188378400F293C8 /* Listener.h */ = {isa = PBXFileReference; lastKnownFileType = sourcecode.c.h; path = Listener.h; sourceTree = "<group>"; };
		6888D9192188378400F293C8 /* Listener.m */ = {isa = PBXFileReference; lastKnownFileType = sourcecode.c.objc; path = Listener.m; sourceTree = "<group>"; };
		6888D91B218837C700F293C8 /* Listener1.h */ = {isa = PBXFileReference; lastKnownFileType = sourcecode.c.h; path = Listener1.h; sourceTree = "<group>"; };
		6888D91C218837C700F293C8 /* Listener1.m */ = {isa = PBXFileReference; lastKnownFileType = sourcecode.c.objc; path = Listener1.m; sourceTree = "<group>"; };
		6888D91E218837D400F293C8 /* Listener2.h */ = {isa = PBXFileReference; lastKnownFileType = sourcecode.c.h; path = Listener2.h; sourceTree = "<group>"; };
		6888D91F218837D400F293C8 /* Listener2.m */ = {isa = PBXFileReference; lastKnownFileType = sourcecode.c.objc; path = Listener2.m; sourceTree = "<group>"; };
/* End PBXFileReference section */

/* Begin PBXFrameworksBuildPhase section */
		6888D8DF2188369A00F293C8 /* Frameworks */ = {
			isa = PBXFrameworksBuildPhase;
			buildActionMask = 2147483647;
			files = (
			);
			runOnlyForDeploymentPostprocessing = 0;
		};
		6888D8F72188369C00F293C8 /* Frameworks */ = {
			isa = PBXFrameworksBuildPhase;
			buildActionMask = 2147483647;
			files = (
			);
			runOnlyForDeploymentPostprocessing = 0;
		};
		6888D9022188369C00F293C8 /* Frameworks */ = {
			isa = PBXFrameworksBuildPhase;
			buildActionMask = 2147483647;
			files = (
			);
			runOnlyForDeploymentPostprocessing = 0;
		};
/* End PBXFrameworksBuildPhase section */

/* Begin PBXGroup section */
		6888D8D92188369A00F293C8 = {
			isa = PBXGroup;
			children = (
				6888D917218836BA00F293C8 /* readme.h */,
				6888D8E42188369A00F293C8 /* 通知延迟实验 */,
				6888D8FD2188369C00F293C8 /* 通知延迟实验Tests */,
				6888D9082188369C00F293C8 /* 通知延迟实验UITests */,
				6888D8E32188369A00F293C8 /* Products */,
			);
			sourceTree = "<group>";
		};
		6888D8E32188369A00F293C8 /* Products */ = {
			isa = PBXGroup;
			children = (
				6888D8E22188369A00F293C8 /* 通知延迟实验.app */,
				6888D8FA2188369C00F293C8 /* 通知延迟实验Tests.xctest */,
				6888D9052188369C00F293C8 /* 通知延迟实验UITests.xctest */,
			);
			name = Products;
			sourceTree = "<group>";
		};
		6888D8E42188369A00F293C8 /* 通知延迟实验 */ = {
			isa = PBXGroup;
			children = (
				6888D8E52188369A00F293C8 /* AppDelegate.h */,
				6888D8E62188369A00F293C8 /* AppDelegate.m */,
				6888D8E82188369A00F293C8 /* ViewController.h */,
				6888D8E92188369A00F293C8 /* ViewController.m */,
				6888D9182188378400F293C8 /* Listener.h */,
				6888D9192188378400F293C8 /* Listener.m */,
				6888D91B218837C700F293C8 /* Listener1.h */,
				6888D91C218837C700F293C8 /* Listener1.m */,
				6888D91E218837D400F293C8 /* Listener2.h */,
				6888D91F218837D400F293C8 /* Listener2.m */,
				6888D8EB2188369A00F293C8 /* Main.storyboard */,
				6888D8EE2188369C00F293C8 /* Assets.xcassets */,
				6888D8F02188369C00F293C8 /* LaunchScreen.storyboard */,
				6888D8F32188369C00F293C8 /* Info.plist */,
				6888D8F42188369C00F293C8 /* main.m */,
			);
			path = "通知延迟实验";
			sourceTree = "<group>";
		};
		6888D8FD2188369C00F293C8 /* 通知延迟实验Tests */ = {
			isa = PBXGroup;
			children = (
				6888D8FE2188369C00F293C8 /* ______Tests.m */,
				6888D9002188369C00F293C8 /* Info.plist */,
			);
			path = "通知延迟实验Tests";
			sourceTree = "<group>";
		};
		6888D9082188369C00F293C8 /* 通知延迟实验UITests */ = {
			isa = PBXGroup;
			children = (
				6888D9092188369C00F293C8 /* ______UITests.m */,
				6888D90B2188369C00F293C8 /* Info.plist */,
			);
			path = "通知延迟实验UITests";
			sourceTree = "<group>";
		};
/* End PBXGroup section */

/* Begin PBXNativeTarget section */
		6888D8E12188369A00F293C8 /* 通知延迟实验 */ = {
			isa = PBXNativeTarget;
			buildConfigurationList = 6888D90E2188369C00F293C8 /* Build configuration list for PBXNativeTarget "通知延迟实验" */;
			buildPhases = (
				6888D8DE2188369A00F293C8 /* Sources */,
				6888D8DF2188369A00F293C8 /* Frameworks */,
				6888D8E02188369A00F293C8 /* Resources */,
			);
			buildRules = (
			);
			dependencies = (
			);
			name = "通知延迟实验";
			productName = "通知延迟实验";
			productReference = 6888D8E22188369A00F293C8 /* 通知延迟实验.app */;
			productType = "com.apple.product-type.application";
		};
		6888D8F92188369C00F293C8 /* 通知延迟实验Tests */ = {
			isa = PBXNativeTarget;
			buildConfigurationList = 6888D9112188369C00F293C8 /* Build configuration list for PBXNativeTarget "通知延迟实验Tests" */;
			buildPhases = (
				6888D8F62188369C00F293C8 /* Sources */,
				6888D8F72188369C00F293C8 /* Frameworks */,
				6888D8F82188369C00F293C8 /* Resources */,
			);
			buildRules = (
			);
			dependencies = (
				6888D8FC2188369C00F293C8 /* PBXTargetDependency */,
			);
			name = "通知延迟实验Tests";
			productName = "通知延迟实验Tests";
			productReference = 6888D8FA2188369C00F293C8 /* 通知延迟实验Tests.xctest */;
			productType = "com.apple.product-type.bundle.unit-test";
		};
		6888D9042188369C00F293C8 /* 通知延迟实验UITests */ = {
			isa = PBXNativeTarget;
			buildConfigurationList = 6888D9142188369C00F293C8 /* Build configuration list for PBXNativeTarget "通知延迟实验UITests" */;
			buildPhases = (
				6888D9012188369C00F293C8 /* Sources */,
				6888D9022188369C00F293C8 /* Frameworks */,
				6888D9032188369C00F293C8 /* Resources */,
			);
			buildRules = (
			);
			dependencies = (
				6888D9072188369C00F293C8 /* PBXTargetDependency */,
			);
			name = "通知延迟实验UITests";
			productName = "通知延迟实验UITests";
			productReference = 6888D9052188369C00F293C8 /* 通知延迟实验UITests.xctest */;
			productType = "com.apple.product-type.bundle.ui-testing";
		};
/* End PBXNativeTarget section */

/* Begin PBXProject section */
		6888D8DA2188369A00F293C8 /* Project object */ = {
			isa = PBXProject;
			attributes = {
				LastUpgradeCheck = 1000;
				ORGANIZATIONNAME = postop_iosdev;
				TargetAttributes = {
					6888D8E12188369A00F293C8 = {
						CreatedOnToolsVersion = 10.0;
					};
					6888D8F92188369C00F293C8 = {
						CreatedOnToolsVersion = 10.0;
						TestTargetID = 6888D8E12188369A00F293C8;
					};
					6888D9042188369C00F293C8 = {
						CreatedOnToolsVersion = 10.0;
						TestTargetID = 6888D8E12188369A00F293C8;
					};
				};
			};
			buildConfigurationList = 6888D8DD2188369A00F293C8 /* Build configuration list for PBXProject "通知延迟实验" */;
			compatibilityVersion = "Xcode 9.3";
			developmentRegion = en;
			hasScannedForEncodings = 0;
			knownRegions = (
				en,
				Base,
			);
			mainGroup = 6888D8D92188369A00F293C8;
			productRefGroup = 6888D8E32188369A00F293C8 /* Products */;
			projectDirPath = "";
			projectRoot = "";
			targets = (
				6888D8E12188369A00F293C8 /* 通知延迟实验 */,
				6888D8F92188369C00F293C8 /* 通知延迟实验Tests */,
				6888D9042188369C00F293C8 /* 通知延迟实验UITests */,
			);
		};
/* End PBXProject section */

/* Begin PBXResourcesBuildPhase section */
		6888D8E02188369A00F293C8 /* Resources */ = {
			isa = PBXResourcesBuildPhase;
			buildActionMask = 2147483647;
			files = (
				6888D8F22188369C00F293C8 /* LaunchScreen.storyboard in Resources */,
				6888D8EF2188369C00F293C8 /* Assets.xcassets in Resources */,
				6888D8ED2188369A00F293C8 /* Main.storyboard in Resources */,
			);
			runOnlyForDeploymentPostprocessing = 0;
		};
		6888D8F82188369C00F293C8 /* Resources */ = {
			isa = PBXResourcesBuildPhase;
			buildActionMask = 2147483647;
			files = (
			);
			runOnlyForDeploymentPostprocessing = 0;
		};
		6888D9032188369C00F293C8 /* Resources */ = {
			isa = PBXResourcesBuildPhase;
			buildActionMask = 2147483647;
			files = (
			);
			runOnlyForDeploymentPostprocessing = 0;
		};
/* End PBXResourcesBuildPhase section */

/* Begin PBXSourcesBuildPhase section */
		6888D8DE2188369A00F293C8 /* Sources */ = {
			isa = PBXSourcesBuildPhase;
			buildActionMask = 2147483647;
			files = (
				6888D8EA2188369A00F293C8 /* ViewController.m in Sources */,
				6888D91D218837C700F293C8 /* Listener1.m in Sources */,
				6888D920218837D400F293C8 /* Listener2.m in Sources */,
				6888D8F52188369C00F293C8 /* main.m in Sources */,
				6888D8E72188369A00F293C8 /* AppDelegate.m in Sources */,
				6888D91A2188378400F293C8 /* Listener.m in Sources */,
			);
			runOnlyForDeploymentPostprocessing = 0;
		};
		6888D8F62188369C00F293C8 /* Sources */ = {
			isa = PBXSourcesBuildPhase;
			buildActionMask = 2147483647;
			files = (
				6888D8FF2188369C00F293C8 /* ______Tests.m in Sources */,
			);
			runOnlyForDeploymentPostprocessing = 0;
		};
		6888D9012188369C00F293C8 /* Sources */ = {
			isa = PBXSourcesBuildPhase;
			buildActionMask = 2147483647;
			files = (
				6888D90A2188369C00F293C8 /* ______UITests.m in Sources */,
			);
			runOnlyForDeploymentPostprocessing = 0;
		};
/* End PBXSourcesBuildPhase section */

/* Begin PBXTargetDependency section */
		6888D8FC2188369C00F293C8 /* PBXTargetDependency */ = {
			isa = PBXTargetDependency;
			target = 6888D8E12188369A00F293C8 /* 通知延迟实验 */;
			targetProxy = 6888D8FB2188369C00F293C8 /* PBXContainerItemProxy */;
		};
		6888D9072188369C00F293C8 /* PBXTargetDependency */ = {
			isa = PBXTargetDependency;
			target = 6888D8E12188369A00F293C8 /* 通知延迟实验 */;
			targetProxy = 6888D9062188369C00F293C8 /* PBXContainerItemProxy */;
		};
/* End PBXTargetDependency section */

/* Begin PBXVariantGroup section */
		6888D8EB2188369A00F293C8 /* Main.storyboard */ = {
			isa = PBXVariantGroup;
			children = (
				6888D8EC2188369A00F293C8 /* Base */,
			);
			name = Main.storyboard;
			sourceTree = "<group>";
		};
		6888D8F02188369C00F293C8 /* LaunchScreen.storyboard */ = {
			isa = PBXVariantGroup;
			children = (
				6888D8F12188369C00F293C8 /* Base */,
			);
			name = LaunchScreen.storyboard;
			sourceTree = "<group>";
		};
/* End PBXVariantGroup section */

/* Begin XCBuildConfiguration section */
		6888D90C2188369C00F293C8 /* Debug */ = {
			isa = XCBuildConfiguration;
			buildSettings = {
				ALWAYS_SEARCH_USER_PATHS = NO;
				CLANG_ANALYZER_NONNULL = YES;
				CLANG_ANALYZER_NUMBER_OBJECT_CONVERSION = YES_AGGRESSIVE;
				CLANG_CXX_LANGUAGE_STANDARD = "gnu++14";
				CLANG_CXX_LIBRARY = "libc++";
				CLANG_ENABLE_MODULES = YES;
				CLANG_ENABLE_OBJC_ARC = YES;
				CLANG_ENABLE_OBJC_WEAK = YES;
				CLANG_WARN_BLOCK_CAPTURE_AUTORELEASING = YES;
				CLANG_WARN_BOOL_CONVERSION = YES;
				CLANG_WARN_COMMA = YES;
				CLANG_WARN_CONSTANT_CONVERSION = YES;
				CLANG_WARN_DEPRECATED_OBJC_IMPLEMENTATIONS = YES;
				CLANG_WARN_DIRECT_OBJC_ISA_USAGE = YES_ERROR;
				CLANG_WARN_DOCUMENTATION_COMMENTS = YES;
				CLANG_WARN_EMPTY_BODY = YES;
				CLANG_WARN_ENUM_CONVERSION = YES;
				CLANG_WARN_INFINITE_RECURSION = YES;
				CLANG_WARN_INT_CONVERSION = YES;
				CLANG_WARN_NON_LITERAL_NULL_CONVERSION = YES;
				CLANG_WARN_OBJC_IMPLICIT_RETAIN_SELF = YES;
				CLANG_WARN_OBJC_LITERAL_CONVERSION = YES;
				CLANG_WARN_OBJC_ROOT_CLASS = YES_ERROR;
				CLANG_WARN_RANGE_LOOP_ANALYSIS = YES;
				CLANG_WARN_STRICT_PROTOTYPES = YES;
				CLANG_WARN_SUSPICIOUS_MOVE = YES;
				CLANG_WARN_UNGUARDED_AVAILABILITY = YES_AGGRESSIVE;
				CLANG_WARN_UNREACHABLE_CODE = YES;
				CLANG_WARN__DUPLICATE_METHOD_MATCH = YES;
				CODE_SIGN_IDENTITY = "iPhone Developer";
				COPY_PHASE_STRIP = NO;
				DEBUG_INFORMATION_FORMAT = dwarf;
				ENABLE_STRICT_OBJC_MSGSEND = YES;
				ENABLE_TESTABILITY = YES;
				GCC_C_LANGUAGE_STANDARD = gnu11;
				GCC_DYNAMIC_NO_PIC = NO;
				GCC_NO_COMMON_BLOCKS = YES;
				GCC_OPTIMIZATION_LEVEL = 0;
				GCC_PREPROCESSOR_DEFINITIONS = (
					"DEBUG=1",
					"$(inherited)",
				);
				GCC_WARN_64_TO_32_BIT_CONVERSION = YES;
				GCC_WARN_ABOUT_RETURN_TYPE = YES_ERROR;
				GCC_WARN_UNDECLARED_SELECTOR = YES;
				GCC_WARN_UNINITIALIZED_AUTOS = YES_AGGRESSIVE;
				GCC_WARN_UNUSED_FUNCTION = YES;
				GCC_WARN_UNUSED_VARIABLE = YES;
				IPHONEOS_DEPLOYMENT_TARGET = 12.0;
				MTL_ENABLE_DEBUG_INFO = INCLUDE_SOURCE;
				MTL_FAST_MATH = YES;
				ONLY_ACTIVE_ARCH = YES;
				SDKROOT = iphoneos;
			};
			name = Debug;
		};
		6888D90D2188369C00F293C8 /* Release */ = {
			isa = XCBuildConfiguration;
			buildSettings = {
				ALWAYS_SEARCH_USER_PATHS = NO;
				CLANG_ANALYZER_NONNULL = YES;
				CLANG_ANALYZER_NUMBER_OBJECT_CONVERSION = YES_AGGRESSIVE;
				CLANG_CXX_LANGUAGE_STANDARD = "gnu++14";
				CLANG_CXX_LIBRARY = "libc++";
				CLANG_ENABLE_MODULES = YES;
				CLANG_ENABLE_OBJC_ARC = YES;
				CLANG_ENABLE_OBJC_WEAK = YES;
				CLANG_WARN_BLOCK_CAPTURE_AUTORELEASING = YES;
				CLANG_WARN_BOOL_CONVERSION = YES;
				CLANG_WARN_COMMA = YES;
				CLANG_WARN_CONSTANT_CONVERSION = YES;
				CLANG_WARN_DEPRECATED_OBJC_IMPLEMENTATIONS = YES;
				CLANG_WARN_DIRECT_OBJC_ISA_USAGE = YES_ERROR;
				CLANG_WARN_DOCUMENTATION_COMMENTS = YES;
				CLANG_WARN_EMPTY_BODY = YES;
				CLANG_WARN_ENUM_CONVERSION = YES;
				CLANG_WARN_INFINITE_RECURSION = YES;
				CLANG_WARN_INT_CONVERSION = YES;
				CLANG_WARN_NON_LITERAL_NULL_CONVERSION = YES;
				CLANG_WARN_OBJC_IMPLICIT_RETAIN_SELF = YES;
				CLANG_WARN_OBJC_LITERAL_CONVERSION = YES;
				CLANG_WARN_OBJC_ROOT_CLASS = YES_ERROR;
				CLANG_WARN_RANGE_LOOP_ANALYSIS = YES;
				CLANG_WARN_STRICT_PROTOTYPES = YES;
				CLANG_WARN_SUSPICIOUS_MOVE = YES;
				CLANG_WARN_UNGUARDED_AVAILABILITY = YES_AGGRESSIVE;
				CLANG_WARN_UNREACHABLE_CODE = YES;
				CLANG_WARN__DUPLICATE_METHOD_MATCH = YES;
				CODE_SIGN_IDENTITY = "iPhone Developer";
				COPY_PHASE_STRIP = NO;
				DEBUG_INFORMATION_FORMAT = "dwarf-with-dsym";
				ENABLE_NS_ASSERTIONS = NO;
				ENABLE_STRICT_OBJC_MSGSEND = YES;
				GCC_C_LANGUAGE_STANDARD = gnu11;
				GCC_NO_COMMON_BLOCKS = YES;
				GCC_WARN_64_TO_32_BIT_CONVERSION = YES;
				GCC_WARN_ABOUT_RETURN_TYPE = YES_ERROR;
				GCC_WARN_UNDECLARED_SELECTOR = YES;
				GCC_WARN_UNINITIALIZED_AUTOS = YES_AGGRESSIVE;
				GCC_WARN_UNUSED_FUNCTION = YES;
				GCC_WARN_UNUSED_VARIABLE = YES;
				IPHONEOS_DEPLOYMENT_TARGET = 12.0;
				MTL_ENABLE_DEBUG_INFO = NO;
				MTL_FAST_MATH = YES;
				SDKROOT = iphoneos;
				VALIDATE_PRODUCT = YES;
			};
			name = Release;
		};
		6888D90F2188369C00F293C8 /* Debug */ = {
			isa = XCBuildConfiguration;
			buildSettings = {
				ASSETCATALOG_COMPILER_APPICON_NAME = AppIcon;
				CODE_SIGN_STYLE = Automatic;
				INFOPLIST_FILE = "通知延迟实验/Info.plist";
				LD_RUNPATH_SEARCH_PATHS = (
					"$(inherited)",
					"@executable_path/Frameworks",
				);
				PRODUCT_BUNDLE_IDENTIFIER = "shangyi.------";
				PRODUCT_NAME = "$(TARGET_NAME)";
				TARGETED_DEVICE_FAMILY = "1,2";
			};
			name = Debug;
		};
		6888D9102188369C00F293C8 /* Release */ = {
			isa = XCBuildConfiguration;
			buildSettings = {
				ASSETCATALOG_COMPILER_APPICON_NAME = AppIcon;
				CODE_SIGN_STYLE = Automatic;
				INFOPLIST_FILE = "通知延迟实验/Info.plist";
				LD_RUNPATH_SEARCH_PATHS = (
					"$(inherited)",
					"@executable_path/Frameworks",
				);
				PRODUCT_BUNDLE_IDENTIFIER = "shangyi.------";
				PRODUCT_NAME = "$(TARGET_NAME)";
				TARGETED_DEVICE_FAMILY = "1,2";
			};
			name = Release;
		};
		6888D9122188369C00F293C8 /* Debug */ = {
			isa = XCBuildConfiguration;
			buildSettings = {
				BUNDLE_LOADER = "$(TEST_HOST)";
				CODE_SIGN_STYLE = Automatic;
				INFOPLIST_FILE = "通知延迟实验Tests/Info.plist";
				LD_RUNPATH_SEARCH_PATHS = (
					"$(inherited)",
					"@executable_path/Frameworks",
					"@loader_path/Frameworks",
				);
				PRODUCT_BUNDLE_IDENTIFIER = "shangyi.------Tests";
				PRODUCT_NAME = "$(TARGET_NAME)";
				TARGETED_DEVICE_FAMILY = "1,2";
				TEST_HOST = "$(BUILT_PRODUCTS_DIR)/通知延迟实验.app/通知延迟实验";
			};
			name = Debug;
		};
		6888D9132188369C00F293C8 /* Release */ = {
			isa = XCBuildConfiguration;
			buildSettings = {
				BUNDLE_LOADER = "$(TEST_HOST)";
				CODE_SIGN_STYLE = Automatic;
				INFOPLIST_FILE = "通知延迟实验Tests/Info.plist";
				LD_RUNPATH_SEARCH_PATHS = (
					"$(inherited)",
					"@executable_path/Frameworks",
					"@loader_path/Frameworks",
				);
				PRODUCT_BUNDLE_IDENTIFIER = "shangyi.------Tests";
				PRODUCT_NAME = "$(TARGET_NAME)";
				TARGETED_DEVICE_FAMILY = "1,2";
				TEST_HOST = "$(BUILT_PRODUCTS_DIR)/通知延迟实验.app/通知延迟实验";
			};
			name = Release;
		};
		6888D9152188369C00F293C8 /* Debug */ = {
			isa = XCBuildConfiguration;
			buildSettings = {
				CODE_SIGN_STYLE = Automatic;
				INFOPLIST_FILE = "通知延迟实验UITests/Info.plist";
				LD_RUNPATH_SEARCH_PATHS = (
					"$(inherited)",
					"@executable_path/Frameworks",
					"@loader_path/Frameworks",
				);
				PRODUCT_BUNDLE_IDENTIFIER = "shangyi.------UITests";
				PRODUCT_NAME = "$(TARGET_NAME)";
				TARGETED_DEVICE_FAMILY = "1,2";
				TEST_TARGET_NAME = "通知延迟实验";
			};
			name = Debug;
		};
		6888D9162188369C00F293C8 /* Release */ = {
			isa = XCBuildConfiguration;
			buildSettings = {
				CODE_SIGN_STYLE = Automatic;
				INFOPLIST_FILE = "通知延迟实验UITests/Info.plist";
				LD_RUNPATH_SEARCH_PATHS = (
					"$(inherited)",
					"@executable_path/Frameworks",
					"@loader_path/Frameworks",
				);
				PRODUCT_BUNDLE_IDENTIFIER = "shangyi.------UITests";
				PRODUCT_NAME = "$(TARGET_NAME)";
				TARGETED_DEVICE_FAMILY = "1,2";
				TEST_TARGET_NAME = "通知延迟实验";
			};
			name = Release;
		};
/* End XCBuildConfiguration section */

/* Begin XCConfigurationList section */
		6888D8DD2188369A00F293C8 /* Build configuration list for PBXProject "通知延迟实验" */ = {
			isa = XCConfigurationList;
			buildConfigurations = (
				6888D90C2188369C00F293C8 /* Debug */,
				6888D90D2188369C00F293C8 /* Release */,
			);
			defaultConfigurationIsVisible = 0;
			defaultConfigurationName = Release;
		};
		6888D90E2188369C00F293C8 /* Build configuration list for PBXNativeTarget "通知延迟实验" */ = {
			isa = XCConfigurationList;
			buildConfigurations = (
				6888D90F2188369C00F293C8 /* Debug */,
				6888D9102188369C00F293C8 /* Release */,
			);
			defaultConfigurationIsVisible = 0;
			defaultConfigurationName = Release;
		};
		6888D9112188369C00F293C8 /* Build configuration list for PBXNativeTarget "通知延迟实验Tests" */ = {
			isa = XCConfigurationList;
			buildConfigurations = (
				6888D9122188369C00F293C8 /* Debug */,
				6888D9132188369C00F293C8 /* Release */,
			);
			defaultConfigurationIsVisible = 0;
			defaultConfigurationName = Release;
		};
		6888D9142188369C00F293C8 /* Build configuration list for PBXNativeTarget "通知延迟实验UITests" */ = {
			isa = XCConfigurationList;
			buildConfigurations = (
				6888D9152188369C00F293C8 /* Debug */,
				6888D9162188369C00F293C8 /* Release */,
			);
			defaultConfigurationIsVisible = 0;
			defaultConfigurationName = Release;
		};
/* End XCConfigurationList section */
	};
	rootObject = 6888D8DA2188369A00F293C8 /* Project object */;
}
